
Microsoft Visual Studio Solution File, Format Version 12.00
# Visual Studio Version 17
VisualStudioVersion = 17.13.35825.156
MinimumVisualStudioVersion = 10.0.40219.1
Project("{FAE04EC0-301F-11D3-BF4B-00C04F79EFBC}") = "LibrarieModele", "LibrarieModele\LibrarieModele.csproj", "{952D1401-9A30-423A-9FE9-05A50D6C175B}"
EndProject
Project("{FAE04EC0-301F-11D3-BF4B-00C04F79EFBC}") = "NivelStocareDate", "NivelStocareDate\NivelStocareDate.csproj", "{7968573C-2F2B-47BF-B35E-CB2794EB70B0}"
EndProject
Project("{FAE04EC0-301F-11D3-BF4B-00C04F79EFBC}") = "MainWindow", "MainWindow\MainWindow.csproj", "{BB54DFAD-D4D9-42EA-91A5-5A768DC6B710}"
	ProjectSection(ProjectDependencies) = postProject
		{7968573C-2F2B-47BF-B35E-CB2794EB70B0} = {7968573C-2F2B-47BF-B35E-CB2794EB70B0}
		{952D1401-9A30-423A-9FE9-05A50D6C175B} = {952D1401-9A30-423A-9FE9-05A50D6C175B}
	EndProjectSection
EndProject
Global
	GlobalSection(SolutionConfigurationPlatforms) = preSolution
		Debug|Any CPU = Debug|Any CPU
		Release|Any CPU = Release|Any CPU
	EndGlobalSection
	GlobalSection(ProjectConfigurationPlatforms) = postSolution
		{952D1401-9A30-423A-9FE9-05A50D6C175B}.Debug|Any CPU.ActiveCfg = Debug|Any CPU
		{952D1401-9A30-423A-9FE9-05A50D6C175B}.Debug|Any CPU.Build.0 = Debug|Any CPU
		{952D1401-9A30-423A-9FE9-05A50D6C175B}.Release|Any CPU.ActiveCfg = Release|Any CPU
		{952D1401-9A30-423A-9FE9-05A50D6C175B}.Release|Any CPU.Build.0 = Release|Any CPU
		{7968573C-2F2B-47BF-B35E-CB2794EB70B0}.Debug|Any CPU.ActiveCfg = Debug|Any CPU
		{7968573C-2F2B-47BF-B35E-CB2794EB70B0}.Debug|Any CPU.Build.0 = Debug|Any CPU
		{7968573C-2F2B-47BF-B35E-CB2794EB70B0}.Release|Any CPU.ActiveCfg = Release|Any CPU
		{7968573C-2F2B-47BF-B35E-CB2794EB70B0}.Release|Any CPU.Build.0 = Release|Any CPU
		{BB54DFAD-D4D9-42EA-91A5-5A768DC6B710}.Debug|Any CPU.ActiveCfg = Debug|Any CPU
		{BB54DFAD-D4D9-42EA-91A5-5A768DC6B710}.Debug|Any CPU.Build.0 = Debug|Any CPU
		{BB54DFAD-D4D9-42EA-91A5-5A768DC6B710}.Release|Any CPU.ActiveCfg = Release|Any CPU
		{BB54DFAD-D4D9-42EA-91A5-5A768DC6B710}.Release|Any CPU.Build.0 = Release|Any CPU
	EndGlobalSection
	GlobalSection(SolutionProperties) = preSolution
		HideSolutionNode = FALSE
	EndGlobalSection
	GlobalSection(ExtensibilityGlobals) = postSolution
		SolutionGuid = {5C294052-6AB2-48F1-86B7-C058597FA6E5}
	EndGlobalSection
EndGlobal
